
Microsoft Visual Studio Solution File, Format Version 12.00
# Visual Studio Version 17
VisualStudioVersion = 17.5.33424.131
MinimumVisualStudioVersion = 10.0.40219.1
Project("{9A19103F-16F7-4668-BE54-9A1E7A4F7556}") = "Clock_Console", "Clock_Console.csproj", "{95B32244-0342-4BD4-BACD-626786798441}"
EndProject
Project("{FAE04EC0-301F-11D3-BF4B-00C04F79EFBC}") = "Clock_Test", "..\Clock_Test\Clock_Test.csproj", "{670F4CA3-F265-4DE7-B098-DDA1B9926128}"
EndProject
Global
	GlobalSection(SolutionConfigurationPlatforms) = preSolution
		Debug|Any CPU = Debug|Any CPU
		Release|Any CPU = Release|Any CPU
	EndGlobalSection
	GlobalSection(ProjectConfigurationPlatforms) = postSolution
		{95B32244-0342-4BD4-BACD-626786798441}.Debug|Any CPU.ActiveCfg = Debug|Any CPU
		{95B32244-0342-4BD4-BACD-626786798441}.Debug|Any CPU.Build.0 = Debug|Any CPU
		{95B32244-0342-4BD4-BACD-626786798441}.Release|Any CPU.ActiveCfg = Release|Any CPU
		{95B32244-0342-4BD4-BACD-626786798441}.Release|Any CPU.Build.0 = Release|Any CPU
		{670F4CA3-F265-4DE7-B098-DDA1B9926128}.Debug|Any CPU.ActiveCfg = Debug|Any CPU
		{670F4CA3-F265-4DE7-B098-DDA1B9926128}.Debug|Any CPU.Build.0 = Debug|Any CPU
		{670F4CA3-F265-4DE7-B098-DDA1B9926128}.Release|Any CPU.ActiveCfg = Release|Any CPU
		{670F4CA3-F265-4DE7-B098-DDA1B9926128}.Release|Any CPU.Build.0 = Release|Any CPU
	EndGlobalSection
	GlobalSection(SolutionProperties) = preSolution
		HideSolutionNode = FALSE
	EndGlobalSection
	GlobalSection(ExtensibilityGlobals) = postSolution
		SolutionGuid = {7FFC63D3-BFC2-41A4-A960-B1A9A81D257E}
	EndGlobalSection
EndGlobal
